{
  "name": "@koad-io/node",
  "version": "1.0.0",
  "lockfileVersion": 3,
  "requires": true,
  "packages": {
    "": {
      "name": "@koad-io/node",
      "version": "1.0.0",
      "dependencies": {
        "@ipld/dag-json": "10.2.7",
        "@noble/ed25519": "2.1.0",
        "multiformats": "13.4.2"
      },
      "engines": {
        "node": ">=18"
      }
    },
    "node_modules/@ipld/dag-json": {
      "version": "10.2.7",
      "resolved": "https://registry.npmjs.org/@ipld/dag-json/-/dag-json-10.2.7.tgz",
      "integrity": "sha512-G+pXbOV6JpNUQrB+4H+0apnE85M9V0JjSjc7Mm2DdKbC6Qn8so9UYIGnJps+ZRMAvGUieO2iCZbAFLeWE2snvA==",
      "license": "Apache-2.0 OR MIT",
      "dependencies": {
        "cborg": "^5.0.0",
        "multiformats": "^13.1.0"
      },
      "engines": {
        "node": ">=16.0.0",
        "npm": ">=7.0.0"
      }
    },
    "node_modules/@noble/ed25519": {
      "version": "2.1.0",
      "resolved": "https://registry.npmjs.org/@noble/ed25519/-/ed25519-2.1.0.tgz",
      "integrity": "sha512-KM4qTyXPinyCgMzeYJH/UudpdL+paJXtY3CHtHYZQtBkS8MZoPr4rOikZllIutJe0d06QDQKisyn02gxZ8TcQA==",
      "license": "MIT",
      "funding": {
        "url": "https://paulmillr.com/funding/"
      }
    },
    "node_modules/cborg": {
      "version": "5.1.0",
      "resolved": "https://registry.npmjs.org/cborg/-/cborg-5.1.0.tgz",
      "integrity": "sha512-OwailRORD5pIyxaLKKVdGHQ2OXWmYW7YsjDXnl64cIwWdQiyXRffVFsL34JR5c+BEeeSOHADM3cy/QNERH1SUw==",
      "license": "Apache-2.0",
      "bin": {
        "cborg": "lib/bin.js"
      }
    },
    "node_modules/multiformats": {
      "version": "13.4.2",
      "resolved": "https://registry.npmjs.org/multiformats/-/multiformats-13.4.2.tgz",
      "integrity": "sha512-eh6eHCrRi1+POZ3dA+Dq1C6jhP1GNtr9CRINMb67OKzqW9I5DUuZM/3jLPlzhgpGeiNUlEGEbkCYChXMCc/8DQ==",
      "license": "Apache-2.0 OR MIT"
    }
  }
}
